
Microsoft Visual Studio Solution File, Format Version 11.00
# Visual C# Express 2010
Project("{FAE04EC0-301F-11D3-BF4B-00C04F79EFBC}") = "Shuttle", "Shuttle\Shuttle\Shuttle.csproj", "{358A768F-8A99-48DB-BF69-3353E33FBD84}"
EndProject
Project("{96E2B04D-8817-42C6-938A-82C39BA4D311}") = "ShuttleContent", "Shuttle\ShuttleContent\ShuttleContent.contentproj", "{78D495E9-6976-4F7F-8015-1348AA3D120D}"
EndProject
Global
	GlobalSection(SolutionConfigurationPlatforms) = preSolution
		Debug|x86 = Debug|x86
		Release|x86 = Release|x86
	EndGlobalSection
	GlobalSection(ProjectConfigurationPlatforms) = postSolution
		{358A768F-8A99-48DB-BF69-3353E33FBD84}.Debug|x86.ActiveCfg = Debug|x86
		{358A768F-8A99-48DB-BF69-3353E33FBD84}.Debug|x86.Build.0 = Debug|x86
		{358A768F-8A99-48DB-BF69-3353E33FBD84}.Release|x86.ActiveCfg = Release|x86
		{358A768F-8A99-48DB-BF69-3353E33FBD84}.Release|x86.Build.0 = Release|x86
		{78D495E9-6976-4F7F-8015-1348AA3D120D}.Debug|x86.ActiveCfg = Debug|x86
		{78D495E9-6976-4F7F-8015-1348AA3D120D}.Release|x86.ActiveCfg = Release|x86
	EndGlobalSection
	GlobalSection(SolutionProperties) = preSolution
		HideSolutionNode = FALSE
	EndGlobalSection
EndGlobal
